
Microsoft Visual Studio Solution File, Format Version 12.00
# Visual Studio Version 17
VisualStudioVersion = 17.4.33122.133
MinimumVisualStudioVersion = 10.0.40219.1
Project("{FAE04EC0-301F-11D3-BF4B-00C04F79EFBC}") = "StudentAdminPortal.API", "StudentAdminPortal.API\StudentAdminPortal.API.csproj", "{90823E7B-7E20-4393-8FF8-FD5384E4897D}"
EndProject
Global
	GlobalSection(SolutionConfigurationPlatforms) = preSolution
		Debug|Any CPU = Debug|Any CPU
		Release|Any CPU = Release|Any CPU
	EndGlobalSection
	GlobalSection(ProjectConfigurationPlatforms) = postSolution
		{90823E7B-7E20-4393-8FF8-FD5384E4897D}.Debug|Any CPU.ActiveCfg = Debug|Any CPU
		{90823E7B-7E20-4393-8FF8-FD5384E4897D}.Debug|Any CPU.Build.0 = Debug|Any CPU
		{90823E7B-7E20-4393-8FF8-FD5384E4897D}.Release|Any CPU.ActiveCfg = Release|Any CPU
		{90823E7B-7E20-4393-8FF8-FD5384E4897D}.Release|Any CPU.Build.0 = Release|Any CPU
	EndGlobalSection
	GlobalSection(SolutionProperties) = preSolution
		HideSolutionNode = FALSE
	EndGlobalSection
	GlobalSection(ExtensibilityGlobals) = postSolution
		SolutionGuid = {33F4A0BE-5566-4175-8E0E-53F942F4EDD7}
	EndGlobalSection
EndGlobal
